
Microsoft Visual Studio Solution File, Format Version 12.00
# Visual Studio Version 16
VisualStudioVersion = 16.0.31025.194
MinimumVisualStudioVersion = 10.0.40219.1
Project("{FAE04EC0-301F-11D3-BF4B-00C04F79EFBC}") = "Pacman", "Pacman\Pacman.csproj", "{BABDBD31-BD27-43AB-80C0-D6C5BD470478}"
EndProject
Global
	GlobalSection(SolutionConfigurationPlatforms) = preSolution
		Debug|Any CPU = Debug|Any CPU
		Release|Any CPU = Release|Any CPU
	EndGlobalSection
	GlobalSection(ProjectConfigurationPlatforms) = postSolution
		{BABDBD31-BD27-43AB-80C0-D6C5BD470478}.Debug|Any CPU.ActiveCfg = Debug|Any CPU
		{BABDBD31-BD27-43AB-80C0-D6C5BD470478}.Debug|Any CPU.Build.0 = Debug|Any CPU
		{BABDBD31-BD27-43AB-80C0-D6C5BD470478}.Release|Any CPU.ActiveCfg = Release|Any CPU
		{BABDBD31-BD27-43AB-80C0-D6C5BD470478}.Release|Any CPU.Build.0 = Release|Any CPU
	EndGlobalSection
	GlobalSection(SolutionProperties) = preSolution
		HideSolutionNode = FALSE
	EndGlobalSection
	GlobalSection(ExtensibilityGlobals) = postSolution
		SolutionGuid = {844227E9-1FB8-4850-8949-F2B37E38E151}
	EndGlobalSection
EndGlobal
